Microsoft Visual Studio Solution File, Format Version 12.00
# Visual Studio 15
VisualStudioVersion = 15.0.27004.2002
MinimumVisualStudioVersion = 10.0.40219.1
Project("{C65A19FD-D8CC-4380-AF80-748A26AC8C36}") = "PawnPlus.IO", "PawnPlus.IO.vcxproj", "{947C1A2A-64E9-4C0E-BD74-E033375376A1}"
EndProject
Global
	GlobalSection(SolutionConfigurationPlatforms) = preSolution
		Debug|Any CPU = Debug|Any CPU
		Debug|Win32 = Debug|Win32
		Release|Any CPU = Release|Any CPU
		Release|Win32 = Release|Win32
	EndGlobalSection
	GlobalSection(ProjectConfigurationPlatforms) = postSolution
		{947C1A2A-64E9-4C0E-BD74-E033375376A1}.Debug|Any CPU.ActiveCfg = Debug|Win32
		{947C1A2A-64E9-4C0E-BD74-E033375376A1}.Debug|Win32.ActiveCfg = Debug|Win32
		{947C1A2A-64E9-4C0E-BD74-E033375376A1}.Debug|Win32.Build.0 = Debug|Win32
		{947C1A2A-64E9-4C0E-BD74-E033375376A1}.Release|Any CPU.ActiveCfg = Release|Win32
		{947C1A2A-64E9-4C0E-BD74-E033375376A1}.Release|Win32.ActiveCfg = Release|Win32
		{947C1A2A-64E9-4C0E-BD74-E033375376A1}.Release|Win32.Build.0 = Release|Win32
	EndGlobalSection
	GlobalSection(SolutionProperties) = preSolution
		HideSolutionNode = FALSE
	EndGlobalSection
	GlobalSection(ExtensibilityGlobals) = postSolution
		SolutionGuid = {7AB21584-7362-4B5B-BD21-A501920662DB}
	EndGlobalSection
EndGlobal
